// !$*UTF8*$!
{
	archiveVersion = 1;
	classes = {
	};
	objectVersion = 46;
	objects = {

/* Begin PBXBuildFile section */
		47785D161CCF3F06007352E0 /* AppDelegate.swift in Sources */ = {isa = PBXBuildFile; fileRef = 47785D151CCF3F06007352E0 /* AppDelegate.swift */; };
		47785D1A1CCF3F06007352E0 /* AccountViewController.swift in Sources */ = {isa = PBXBuildFile; fileRef = 47785D191CCF3F06007352E0 /* AccountViewController.swift */; };
		47785D1D1CCF3F07007352E0 /* Main.storyboard in Resources */ = {isa = PBXBuildFile; fileRef = 47785D1B1CCF3F07007352E0 /* Main.storyboard */; };
		47785D1F1CCF3F07007352E0 /* Images.xcassets in Resources */ = {isa = PBXBuildFile; fileRef = 47785D1E1CCF3F07007352E0 /* Images.xcassets */; };
		47785D221CCF3F07007352E0 /* LaunchScreen.xib in Resources */ = {isa = PBXBuildFile; fileRef = 47785D201CCF3F07007352E0 /* LaunchScreen.xib */; };
		47785D2E1CCF3F07007352E0 /* OutWorkTests.swift in Sources */ = {isa = PBXBuildFile; fileRef = 47785D2D1CCF3F07007352E0 /* OutWorkTests.swift */; };
		47785D381CCF40C3007352E0 /* SignInViewController.swift in Sources */ = {isa = PBXBuildFile; fileRef = 47785D371CCF40C3007352E0 /* SignInViewController.swift */; };
		47785D3A1CCFC2B9007352E0 /* WorkoutViewController.swift in Sources */ = {isa = PBXBuildFile; fileRef = 47785D391CCFC2B9007352E0 /* WorkoutViewController.swift */; };
		477D79F71CD1B0AE00EAA531 /* WorkoutTableViewController.swift in Sources */ = {isa = PBXBuildFile; fileRef = 477D79F61CD1B0AE00EAA531 /* WorkoutTableViewController.swift */; };
		477D79FD1CD1D44B00EAA531 /* TeamTableViewController.swift in Sources */ = {isa = PBXBuildFile; fileRef = 477D79FC1CD1D44B00EAA531 /* TeamTableViewController.swift */; };
		47EB6CE91CD13F6600B7C544 /* Workout.swift in Sources */ = {isa = PBXBuildFile; fileRef = 47EB6CE81CD13F6600B7C544 /* Workout.swift */; };
		47EB6CEB1CD1415800B7C544 /* WorkoutTableViewCell.swift in Sources */ = {isa = PBXBuildFile; fileRef = 47EB6CEA1CD1415700B7C544 /* WorkoutTableViewCell.swift */; };
		B2DC6FC864E21348052A3744 /* Pods_OutWork.framework in Frameworks */ = {isa = PBXBuildFile; fileRef = 28DCB210F99AF3ACB160C13B /* Pods_OutWork.framework */; };
		EA1626C21CD1B2AB0054C92C /* TeamTableViewCell.swift in Sources */ = {isa = PBXBuildFile; fileRef = EA1626C11CD1B2AB0054C92C /* TeamTableViewCell.swift */; };
/* End PBXBuildFile section */

/* Begin PBXContainerItemProxy section */
		47785D281CCF3F07007352E0 /* PBXContainerItemProxy */ = {
			isa = PBXContainerItemProxy;
			containerPortal = 47785D081CCF3F06007352E0 /* Project object */;
			proxyType = 1;
			remoteGlobalIDString = 47785D0F1CCF3F06007352E0;
			remoteInfo = OutWork;
		};
/* End PBXContainerItemProxy section */

/* Begin PBXFileReference section */
		28DCB210F99AF3ACB160C13B /* Pods_OutWork.framework */ = {isa = PBXFileReference; explicitFileType = wrapper.framework; includeInIndex = 0; path = Pods_OutWork.framework; sourceTree = BUILT_PRODUCTS_DIR; };
		47785D101CCF3F06007352E0 /* OutWork.app */ = {isa = PBXFileReference; explicitFileType = wrapper.application; includeInIndex = 0; path = OutWork.app; sourceTree = BUILT_PRODUCTS_DIR; };
		47785D141CCF3F06007352E0 /* Info.plist */ = {isa = PBXFileReference; lastKnownFileType = text.plist.xml; path = Info.plist; sourceTree = "<group>"; };
		47785D151CCF3F06007352E0 /* AppDelegate.swift */ = {isa = PBXFileReference; lastKnownFileType = sourcecode.swift; path = AppDelegate.swift; sourceTree = "<group>"; };
		47785D191CCF3F06007352E0 /* AccountViewController.swift */ = {isa = PBXFileReference; lastKnownFileType = sourcecode.swift; path = AccountViewController.swift; sourceTree = "<group>"; };
		47785D1C1CCF3F07007352E0 /* Base */ = {isa = PBXFileReference; lastKnownFileType = file.storyboard; name = Base; path = Base.lproj/Main.storyboard; sourceTree = "<group>"; };
		47785D1E1CCF3F07007352E0 /* Images.xcassets */ = {isa = PBXFileReference; lastKnownFileType = folder.assetcatalog; path = Images.xcassets; sourceTree = "<group>"; };
		47785D211CCF3F07007352E0 /* Base */ = {isa = PBXFileReference; lastKnownFileType = file.xib; name = Base; path = Base.lproj/LaunchScreen.xib; sourceTree = "<group>"; };
		47785D271CCF3F07007352E0 /* OutWorkTests.xctest */ = {isa = PBXFileReference; explicitFileType = wrapper.cfbundle; includeInIndex = 0; path = OutWorkTests.xctest; sourceTree = BUILT_PRODUCTS_DIR; };
		47785D2C1CCF3F07007352E0 /* Info.plist */ = {isa = PBXFileReference; lastKnownFileType = text.plist.xml; path = Info.plist; sourceTree = "<group>"; };
		47785D2D1CCF3F07007352E0 /* OutWorkTests.swift */ = {isa = PBXFileReference; lastKnownFileType = sourcecode.swift; path = OutWorkTests.swift; sourceTree = "<group>"; };
		47785D371CCF40C3007352E0 /* SignInViewController.swift */ = {isa = PBXFileReference; fileEncoding = 4; lastKnownFileType = sourcecode.swift; name = SignInViewController.swift; path = ../SignInViewController.swift; sourceTree = "<group>"; };
		47785D391CCFC2B9007352E0 /* WorkoutViewController.swift */ = {isa = PBXFileReference; fileEncoding = 4; lastKnownFileType = sourcecode.swift; path = WorkoutViewController.swift; sourceTree = "<group>"; };
		477D79F61CD1B0AE00EAA531 /* WorkoutTableViewController.swift */ = {isa = PBXFileReference; fileEncoding = 4; lastKnownFileType = sourcecode.swift; path = WorkoutTableViewController.swift; sourceTree = "<group>"; };
		477D79FC1CD1D44B00EAA531 /* TeamTableViewController.swift */ = {isa = PBXFileReference; fileEncoding = 4; lastKnownFileType = sourcecode.swift; path = TeamTableViewController.swift; sourceTree = "<group>"; };
		47EB6CE81CD13F6600B7C544 /* Workout.swift */ = {isa = PBXFileReference; fileEncoding = 4; lastKnownFileType = sourcecode.swift; path = Workout.swift; sourceTree = "<group>"; };
		47EB6CEA1CD1415700B7C544 /* WorkoutTableViewCell.swift */ = {isa = PBXFileReference; fileEncoding = 4; lastKnownFileType = sourcecode.swift; path = WorkoutTableViewCell.swift; sourceTree = "<group>"; };
		835A14E980DCC0CEA2490DE4 /* Pods-OutWork.release.xcconfig */ = {isa = PBXFileReference; includeInIndex = 1; lastKnownFileType = text.xcconfig; name = "Pods-OutWork.release.xcconfig"; path = "Pods/Target Support Files/Pods-OutWork/Pods-OutWork.release.xcconfig"; sourceTree = "<group>"; };
		C7BE2B3B67060CADEEB278A6 /* Pods-OutWork.debug.xcconfig */ = {isa = PBXFileReference; includeInIndex = 1; lastKnownFileType = text.xcconfig; name = "Pods-OutWork.debug.xcconfig"; path = "Pods/Target Support Files/Pods-OutWork/Pods-OutWork.debug.xcconfig"; sourceTree = "<group>"; };
		EA1626C11CD1B2AB0054C92C /* TeamTableViewCell.swift */ = {isa = PBXFileReference; fileEncoding = 4; lastKnownFileType = sourcecode.swift; path = TeamTableViewCell.swift; sourceTree = "<group>"; };
/* End PBXFileReference section */

/* Begin PBXFrameworksBuildPhase section */
		47785D0D1CCF3F06007352E0 /* Frameworks */ = {
			isa = PBXFrameworksBuildPhase;
			buildActionMask = 2147483647;
			files = (
				B2DC6FC864E21348052A3744 /* Pods_OutWork.framework in Frameworks */,
			);
			runOnlyForDeploymentPostprocessing = 0;
		};
		47785D241CCF3F07007352E0 /* Frameworks */ = {
			isa = PBXFrameworksBuildPhase;
			buildActionMask = 2147483647;
			files = (
			);
			runOnlyForDeploymentPostprocessing = 0;
		};
/* End PBXFrameworksBuildPhase section */

/* Begin PBXGroup section */
		3D70A7DA429FE9033B20E345 /* Frameworks */ = {
			isa = PBXGroup;
			children = (
				28DCB210F99AF3ACB160C13B /* Pods_OutWork.framework */,
			);
			name = Frameworks;
			sourceTree = "<group>";
		};
		47785D071CCF3F06007352E0 = {
			isa = PBXGroup;
			children = (
				47785D121CCF3F06007352E0 /* OutWork */,
				47785D2A1CCF3F07007352E0 /* OutWorkTests */,
				47785D111CCF3F06007352E0 /* Products */,
				6C3FBC3709F3769DE10B0D0A /* Pods */,
				3D70A7DA429FE9033B20E345 /* Frameworks */,
			);
			sourceTree = "<group>";
		};
		47785D111CCF3F06007352E0 /* Products */ = {
			isa = PBXGroup;
			children = (
				47785D101CCF3F06007352E0 /* OutWork.app */,
				47785D271CCF3F07007352E0 /* OutWorkTests.xctest */,
			);
			name = Products;
			sourceTree = "<group>";
		};
		47785D121CCF3F06007352E0 /* OutWork */ = {
			isa = PBXGroup;
			children = (
				477D79FC1CD1D44B00EAA531 /* TeamTableViewController.swift */,
				EA1626C11CD1B2AB0054C92C /* TeamTableViewCell.swift */,
				47785D371CCF40C3007352E0 /* SignInViewController.swift */,
				47785D151CCF3F06007352E0 /* AppDelegate.swift */,
				47785D191CCF3F06007352E0 /* AccountViewController.swift */,
				47EB6CE81CD13F6600B7C544 /* Workout.swift */,
				47EB6CEA1CD1415700B7C544 /* WorkoutTableViewCell.swift */,
				47785D1B1CCF3F07007352E0 /* Main.storyboard */,
				47785D391CCFC2B9007352E0 /* WorkoutViewController.swift */,
				47785D1E1CCF3F07007352E0 /* Images.xcassets */,
				47785D201CCF3F07007352E0 /* LaunchScreen.xib */,
				47785D131CCF3F06007352E0 /* Supporting Files */,
			);
			path = OutWork;
			sourceTree = "<group>";
		};
		47785D131CCF3F06007352E0 /* Supporting Files */ = {
			isa = PBXGroup;
			children = (
				477D79F61CD1B0AE00EAA531 /* WorkoutTableViewController.swift */,
				47785D141CCF3F06007352E0 /* Info.plist */,
			);
			name = "Supporting Files";
			sourceTree = "<group>";
		};
		47785D2A1CCF3F07007352E0 /* OutWorkTests */ = {
			isa = PBXGroup;
			children = (
				47785D2D1CCF3F07007352E0 /* OutWorkTests.swift */,
				47785D2B1CCF3F07007352E0 /* Supporting Files */,
			);
			path = OutWorkTests;
			sourceTree = "<group>";
		};
		47785D2B1CCF3F07007352E0 /* Supporting Files */ = {
			isa = PBXGroup;
			children = (
				47785D2C1CCF3F07007352E0 /* Info.plist */,
			);
			name = "Supporting Files";
			sourceTree = "<group>";
		};
		6C3FBC3709F3769DE10B0D0A /* Pods */ = {
			isa = PBXGroup;
			children = (
				C7BE2B3B67060CADEEB278A6 /* Pods-OutWork.debug.xcconfig */,
				835A14E980DCC0CEA2490DE4 /* Pods-OutWork.release.xcconfig */,
			);
			name = Pods;
			sourceTree = "<group>";
		};
/* End PBXGroup section */

/* Begin PBXNativeTarget section */
		47785D0F1CCF3F06007352E0 /* OutWork */ = {
			isa = PBXNativeTarget;
			buildConfigurationList = 47785D311CCF3F07007352E0 /* Build configuration list for PBXNativeTarget "OutWork" */;
			buildPhases = (
				36060FE880CCC8FBD4586543 /* Check Pods Manifest.lock */,
				47785D0C1CCF3F06007352E0 /* Sources */,
				47785D0D1CCF3F06007352E0 /* Frameworks */,
				47785D0E1CCF3F06007352E0 /* Resources */,
				1AF9050610C79246B68F64B2 /* Embed Pods Frameworks */,
				AB4DC93C84B4CB6B71D7DDAA /* Copy Pods Resources */,
			);
			buildRules = (
			);
			dependencies = (
			);
			name = OutWork;
			productName = OutWork;
			productReference = 47785D101CCF3F06007352E0 /* OutWork.app */;
			productType = "com.apple.product-type.application";
		};
		47785D261CCF3F07007352E0 /* OutWorkTests */ = {
			isa = PBXNativeTarget;
			buildConfigurationList = 47785D341CCF3F07007352E0 /* Build configuration list for PBXNativeTarget "OutWorkTests" */;
			buildPhases = (
				47785D231CCF3F07007352E0 /* Sources */,
				47785D241CCF3F07007352E0 /* Frameworks */,
				47785D251CCF3F07007352E0 /* Resources */,
			);
			buildRules = (
			);
			dependencies = (
				47785D291CCF3F07007352E0 /* PBXTargetDependency */,
			);
			name = OutWorkTests;
			productName = OutWorkTests;
			productReference = 47785D271CCF3F07007352E0 /* OutWorkTests.xctest */;
			productType = "com.apple.product-type.bundle.unit-test";
		};
/* End PBXNativeTarget section */

/* Begin PBXProject section */
		47785D081CCF3F06007352E0 /* Project object */ = {
			isa = PBXProject;
			attributes = {
				LastSwiftUpdateCheck = 0730;
				LastUpgradeCheck = 0630;
				ORGANIZATIONNAME = OutWorkDev;
				TargetAttributes = {
					47785D0F1CCF3F06007352E0 = {
						CreatedOnToolsVersion = 6.3.2;
					};
					47785D261CCF3F07007352E0 = {
						CreatedOnToolsVersion = 6.3.2;
						TestTargetID = 47785D0F1CCF3F06007352E0;
					};
				};
			};
			buildConfigurationList = 47785D0B1CCF3F06007352E0 /* Build configuration list for PBXProject "OutWork" */;
			compatibilityVersion = "Xcode 3.2";
			developmentRegion = English;
			hasScannedForEncodings = 0;
			knownRegions = (
				en,
				Base,
			);
			mainGroup = 47785D071CCF3F06007352E0;
			productRefGroup = 47785D111CCF3F06007352E0 /* Products */;
			projectDirPath = "";
			projectRoot = "";
			targets = (
				47785D0F1CCF3F06007352E0 /* OutWork */,
				47785D261CCF3F07007352E0 /* OutWorkTests */,
			);
		};
/* End PBXProject section */

/* Begin PBXResourcesBuildPhase section */
		47785D0E1CCF3F06007352E0 /* Resources */ = {
			isa = PBXResourcesBuildPhase;
			buildActionMask = 2147483647;
			files = (
				47785D1D1CCF3F07007352E0 /* Main.storyboard in Resources */,
				47785D221CCF3F07007352E0 /* LaunchScreen.xib in Resources */,
				47785D1F1CCF3F07007352E0 /* Images.xcassets in Resources */,
			);
			runOnlyForDeploymentPostprocessing = 0;
		};
		47785D251CCF3F07007352E0 /* Resources */ = {
			isa = PBXResourcesBuildPhase;
			buildActionMask = 2147483647;
			files = (
			);
			runOnlyForDeploymentPostprocessing = 0;
		};
/* End PBXResourcesBuildPhase section */

/* Begin PBXShellScriptBuildPhase section */
		1AF9050610C79246B68F64B2 /* Embed Pods Frameworks */ = {
			isa = PBXShellScriptBuildPhase;
			buildActionMask = 2147483647;
			files = (
			);
			inputPaths = (
			);
			name = "Embed Pods Frameworks";
			outputPaths = (
			);
			runOnlyForDeploymentPostprocessing = 0;
			shellPath = /bin/sh;
			shellScript = "\"${SRCROOT}/Pods/Target Support Files/Pods-OutWork/Pods-OutWork-frameworks.sh\"\n";
			showEnvVarsInLog = 0;
		};
		36060FE880CCC8FBD4586543 /* Check Pods Manifest.lock */ = {
			isa = PBXShellScriptBuildPhase;
			buildActionMask = 2147483647;
			files = (
			);
			inputPaths = (
			);
			name = "Check Pods Manifest.lock";
			outputPaths = (
			);
			runOnlyForDeploymentPostprocessing = 0;
			shellPath = /bin/sh;
			shellScript = "diff \"${PODS_ROOT}/../Podfile.lock\" \"${PODS_ROOT}/Manifest.lock\" > /dev/null\nif [[ $? != 0 ]] ; then\n    cat << EOM\nerror: The sandbox is not in sync with the Podfile.lock. Run 'pod install' or update your CocoaPods installation.\nEOM\n    exit 1\nfi\n";
			showEnvVarsInLog = 0;
		};
		AB4DC93C84B4CB6B71D7DDAA /* Copy Pods Resources */ = {
			isa = PBXShellScriptBuildPhase;
			buildActionMask = 2147483647;
			files = (
			);
			inputPaths = (
			);
			name = "Copy Pods Resources";
			outputPaths = (
			);
			runOnlyForDeploymentPostprocessing = 0;
			shellPath = /bin/sh;
			shellScript = "\"${SRCROOT}/Pods/Target Support Files/Pods-OutWork/Pods-OutWork-resources.sh\"\n";
			showEnvVarsInLog = 0;
		};
/* End PBXShellScriptBuildPhase section */

/* Begin PBXSourcesBuildPhase section */
		47785D0C1CCF3F06007352E0 /* Sources */ = {
			isa = PBXSourcesBuildPhase;
			buildActionMask = 2147483647;
			files = (
				47785D381CCF40C3007352E0 /* SignInViewController.swift in Sources */,
				47785D1A1CCF3F06007352E0 /* AccountViewController.swift in Sources */,
				477D79F71CD1B0AE00EAA531 /* WorkoutTableViewController.swift in Sources */,
				47785D3A1CCFC2B9007352E0 /* WorkoutViewController.swift in Sources */,
				47785D161CCF3F06007352E0 /* AppDelegate.swift in Sources */,
				477D79FD1CD1D44B00EAA531 /* TeamTableViewController.swift in Sources */,
				EA1626C21CD1B2AB0054C92C /* TeamTableViewCell.swift in Sources */,
				47EB6CEB1CD1415800B7C544 /* WorkoutTableViewCell.swift in Sources */,
				47EB6CE91CD13F6600B7C544 /* Workout.swift in Sources */,
			);
			runOnlyForDeploymentPostprocessing = 0;
		};
		47785D231CCF3F07007352E0 /* Sources */ = {
			isa = PBXSourcesBuildPhase;
			buildActionMask = 2147483647;
			files = (
				47785D2E1CCF3F07007352E0 /* OutWorkTests.swift in Sources */,
			);
			runOnlyForDeploymentPostprocessing = 0;
		};
/* End PBXSourcesBuildPhase section */

/* Begin PBXTargetDependency section */
		47785D291CCF3F07007352E0 /* PBXTargetDependency */ = {
			isa = PBXTargetDependency;
			target = 47785D0F1CCF3F06007352E0 /* OutWork */;
			targetProxy = 47785D281CCF3F07007352E0 /* PBXContainerItemProxy */;
		};
/* End PBXTargetDependency section */

/* Begin PBXVariantGroup section */
		47785D1B1CCF3F07007352E0 /* Main.storyboard */ = {
			isa = PBXVariantGroup;
			children = (
				47785D1C1CCF3F07007352E0 /* Base */,
			);
			name = Main.storyboard;
			sourceTree = "<group>";
		};
		47785D201CCF3F07007352E0 /* LaunchScreen.xib */ = {
			isa = PBXVariantGroup;
			children = (
				47785D211CCF3F07007352E0 /* Base */,
			);
			name = LaunchScreen.xib;
			sourceTree = "<group>";
		};
/* End PBXVariantGroup section */

/* Begin XCBuildConfiguration section */
		47785D2F1CCF3F07007352E0 /* Debug */ = {
			isa = XCBuildConfiguration;
			buildSettings = {
				ALWAYS_SEARCH_USER_PATHS = NO;
				CLANG_CXX_LANGUAGE_STANDARD = "gnu++0x";
				CLANG_CXX_LIBRARY = "libc++";
				CLANG_ENABLE_MODULES = YES;
				CLANG_ENABLE_OBJC_ARC = YES;
				CLANG_WARN_BOOL_CONVERSION = YES;
				CLANG_WARN_CONSTANT_CONVERSION = YES;
				CLANG_WARN_DIRECT_OBJC_ISA_USAGE = YES_ERROR;
				CLANG_WARN_EMPTY_BODY = YES;
				CLANG_WARN_ENUM_CONVERSION = YES;
				CLANG_WARN_INT_CONVERSION = YES;
				CLANG_WARN_OBJC_ROOT_CLASS = YES_ERROR;
				CLANG_WARN_UNREACHABLE_CODE = YES;
				CLANG_WARN__DUPLICATE_METHOD_MATCH = YES;
				"CODE_SIGN_IDENTITY[sdk=iphoneos*]" = "iPhone Developer";
				COPY_PHASE_STRIP = NO;
				DEBUG_INFORMATION_FORMAT = "dwarf-with-dsym";
				ENABLE_STRICT_OBJC_MSGSEND = YES;
				GCC_C_LANGUAGE_STANDARD = gnu99;
				GCC_DYNAMIC_NO_PIC = NO;
				GCC_NO_COMMON_BLOCKS = YES;
				GCC_OPTIMIZATION_LEVEL = 0;
				GCC_PREPROCESSOR_DEFINITIONS = (
					"DEBUG=1",
					"$(inherited)",
				);
				GCC_SYMBOLS_PRIVATE_EXTERN = NO;
				GCC_WARN_64_TO_32_BIT_CONVERSION = YES;
				GCC_WARN_ABOUT_RETURN_TYPE = YES_ERROR;
				GCC_WARN_UNDECLARED_SELECTOR = YES;
				GCC_WARN_UNINITIALIZED_AUTOS = YES_AGGRESSIVE;
				GCC_WARN_UNUSED_FUNCTION = YES;
				GCC_WARN_UNUSED_VARIABLE = YES;
				IPHONEOS_DEPLOYMENT_TARGET = 8.3;
				MTL_ENABLE_DEBUG_INFO = YES;
				ONLY_ACTIVE_ARCH = YES;
				SDKROOT = iphoneos;
				SWIFT_OPTIMIZATION_LEVEL = "-Onone";
			};
			name = Debug;
		};
		47785D301CCF3F07007352E0 /* Release */ = {
			isa = XCBuildConfiguration;
			buildSettings = {
				ALWAYS_SEARCH_USER_PATHS = NO;
				CLANG_CXX_LANGUAGE_STANDARD = "gnu++0x";
				CLANG_CXX_LIBRARY = "libc++";
				CLANG_ENABLE_MODULES = YES;
				CLANG_ENABLE_OBJC_ARC = YES;
				CLANG_WARN_BOOL_CONVERSION = YES;
				CLANG_WARN_CONSTANT_CONVERSION = YES;
				CLANG_WARN_DIRECT_OBJC_ISA_USAGE = YES_ERROR;
				CLANG_WARN_EMPTY_BODY = YES;
				CLANG_WARN_ENUM_CONVERSION = YES;
				CLANG_WARN_INT_CONVERSION = YES;
				CLANG_WARN_OBJC_ROOT_CLASS = YES_ERROR;
				CLANG_WARN_UNREACHABLE_CODE = YES;
				CLANG_WARN__DUPLICATE_METHOD_MATCH = YES;
				"CODE_SIGN_IDENTITY[sdk=iphoneos*]" = "iPhone Developer";
				COPY_PHASE_STRIP = NO;
				DEBUG_INFORMATION_FORMAT = "dwarf-with-dsym";
				ENABLE_NS_ASSERTIONS = NO;
				ENABLE_STRICT_OBJC_MSGSEND = YES;
				GCC_C_LANGUAGE_STANDARD = gnu99;
				GCC_NO_COMMON_BLOCKS = YES;
				GCC_WARN_64_TO_32_BIT_CONVERSION = YES;
				GCC_WARN_ABOUT_RETURN_TYPE = YES_ERROR;
				GCC_WARN_UNDECLARED_SELECTOR = YES;
				GCC_WARN_UNINITIALIZED_AUTOS = YES_AGGRESSIVE;
				GCC_WARN_UNUSED_FUNCTION = YES;
				GCC_WARN_UNUSED_VARIABLE = YES;
				IPHONEOS_DEPLOYMENT_TARGET = 8.3;
				MTL_ENABLE_DEBUG_INFO = NO;
				SDKROOT = iphoneos;
				VALIDATE_PRODUCT = YES;
			};
			name = Release;
		};
		47785D321CCF3F07007352E0 /* Debug */ = {
			isa = XCBuildConfiguration;
			baseConfigurationReference = C7BE2B3B67060CADEEB278A6 /* Pods-OutWork.debug.xcconfig */;
			buildSettings = {
				ASSETCATALOG_COMPILER_APPICON_NAME = AppIcon;
				INFOPLIST_FILE = OutWork/Info.plist;
				LD_RUNPATH_SEARCH_PATHS = "$(inherited) @executable_path/Frameworks";
				PRODUCT_NAME = "$(TARGET_NAME)";
			};
			name = Debug;
		};
		47785D331CCF3F07007352E0 /* Release */ = {
			isa = XCBuildConfiguration;
			baseConfigurationReference = 835A14E980DCC0CEA2490DE4 /* Pods-OutWork.release.xcconfig */;
			buildSettings = {
				ASSETCATALOG_COMPILER_APPICON_NAME = AppIcon;
				INFOPLIST_FILE = OutWork/Info.plist;
				LD_RUNPATH_SEARCH_PATHS = "$(inherited) @executable_path/Frameworks";
				PRODUCT_NAME = "$(TARGET_NAME)";
			};
			name = Release;
		};
		47785D351CCF3F07007352E0 /* Debug */ = {
			isa = XCBuildConfiguration;
			buildSettings = {
				BUNDLE_LOADER = "$(TEST_HOST)";
				FRAMEWORK_SEARCH_PATHS = (
					"$(SDKROOT)/Developer/Library/Frameworks",
					"$(inherited)",
				);
				GCC_PREPROCESSOR_DEFINITIONS = (
					"DEBUG=1",
					"$(inherited)",
				);
				INFOPLIST_FILE = OutWorkTests/Info.plist;
				LD_RUNPATH_SEARCH_PATHS = "$(inherited) @executable_path/Frameworks @loader_path/Frameworks";
				PRODUCT_NAME = "$(TARGET_NAME)";
				TEST_HOST = "$(BUILT_PRODUCTS_DIR)/OutWork.app/OutWork";
			};
			name = Debug;
		};
		47785D361CCF3F07007352E0 /* Release */ = {
			isa = XCBuildConfiguration;
			buildSettings = {
				BUNDLE_LOADER = "$(TEST_HOST)";
				FRAMEWORK_SEARCH_PATHS = (
					"$(SDKROOT)/Developer/Library/Frameworks",
					"$(inherited)",
				);
				INFOPLIST_FILE = OutWorkTests/Info.plist;
				LD_RUNPATH_SEARCH_PATHS = "$(inherited) @executable_path/Frameworks @loader_path/Frameworks";
				PRODUCT_NAME = "$(TARGET_NAME)";
				TEST_HOST = "$(BUILT_PRODUCTS_DIR)/OutWork.app/OutWork";
			};
			name = Release;
		};
/* End XCBuildConfiguration section */

/* Begin XCConfigurationList section */
		47785D0B1CCF3F06007352E0 /* Build configuration list for PBXProject "OutWork" */ = {
			isa = XCConfigurationList;
			buildConfigurations = (
				47785D2F1CCF3F07007352E0 /* Debug */,
				47785D301CCF3F07007352E0 /* Release */,
			);
			defaultConfigurationIsVisible = 0;
			defaultConfigurationName = Release;
		};
		47785D311CCF3F07007352E0 /* Build configuration list for PBXNativeTarget "OutWork" */ = {
			isa = XCConfigurationList;
			buildConfigurations = (
				47785D321CCF3F07007352E0 /* Debug */,
				47785D331CCF3F07007352E0 /* Release */,
			);
			defaultConfigurationIsVisible = 0;
			defaultConfigurationName = Release;
		};
		47785D341CCF3F07007352E0 /* Build configuration list for PBXNativeTarget "OutWorkTests" */ = {
			isa = XCConfigurationList;
			buildConfigurations = (
				47785D351CCF3F07007352E0 /* Debug */,
				47785D361CCF3F07007352E0 /* Release */,
			);
			defaultConfigurationIsVisible = 0;
			defaultConfigurationName = Release;
		};
/* End XCConfigurationList section */
	};
	rootObject = 47785D081CCF3F06007352E0 /* Project object */;
}
